
Microsoft Visual Studio Solution File, Format Version 12.00
# Visual Studio Version 17
VisualStudioVersion = 17.14.36603.0 d17.14
MinimumVisualStudioVersion = 10.0.40219.1
Project("{FAE04EC0-301F-11D3-BF4B-00C04F79EFBC}") = "ExamenFinal", "ExamenFinal.csproj", "{589EE0E9-103C-4C89-9E6C-7C4044DA4904}"
EndProject
Global
	GlobalSection(SolutionConfigurationPlatforms) = preSolution
		Debug|Any CPU = Debug|Any CPU
		Release|Any CPU = Release|Any CPU
	EndGlobalSection
	GlobalSection(ProjectConfigurationPlatforms) = postSolution
		{589EE0E9-103C-4C89-9E6C-7C4044DA4904}.Debug|Any CPU.ActiveCfg = Debug|Any CPU
		{589EE0E9-103C-4C89-9E6C-7C4044DA4904}.Debug|Any CPU.Build.0 = Debug|Any CPU
		{589EE0E9-103C-4C89-9E6C-7C4044DA4904}.Release|Any CPU.ActiveCfg = Release|Any CPU
		{589EE0E9-103C-4C89-9E6C-7C4044DA4904}.Release|Any CPU.Build.0 = Release|Any CPU
	EndGlobalSection
	GlobalSection(SolutionProperties) = preSolution
		HideSolutionNode = FALSE
	EndGlobalSection
	GlobalSection(ExtensibilityGlobals) = postSolution
		SolutionGuid = {999BAE99-23A9-4829-A18C-30315534404B}
	EndGlobalSection
EndGlobal
